# This file was autogenerated by Stack.
# You should not edit this file by hand.
# For more information, please see the documentation at:
#   https://docs.haskellstack.org/en/stable/lock_files

packages:
- completed:
    hackage: yamlparse-applicative-0.1.0.1@sha256:204fe56e9caa1658bb5e16382ede6e1c1d7ba7c8c11fbbb07d73b5cd64a666a5,2133
    pantry-tree:
      size: 799
      sha256: 8083e19c7351f3e8dc145a0418d070b57196456a942ad02e16a1c46295a159f6
  original:
    hackage: yamlparse-applicative-0.1.0.1@sha256:204fe56e9caa1658bb5e16382ede6e1c1d7ba7c8c11fbbb07d73b5cd64a666a5,2133
snapshots:
- completed:
    size: 496112
    url: https://raw.githubusercontent.com/commercialhaskell/stackage-snapshots/master/lts/15/15.yaml
    sha256: 86169722ad0056ffc9eacc157ef80ee21d7024f92c0d2961c89ccf432db230a3
  original: lts-15.15
